{
  "version": 4,
  "terraform_version": "1.3.1",
  "serial": 6,
  "lineage": "448f66d1-98e5-0d01-cebf-02b37b859cdc",
  "outputs": {},
  "resources": [
    {
      "mode": "managed",
      "type": "github_repository",
      "name": "created-by-terraform",
      "provider": "provider[\"registry.terraform.io/hashicorp/github\"]",
      "instances": [
        {
          "schema_version": 0,
          "attributes": {
            "allow_auto_merge": false,
            "allow_merge_commit": true,
            "allow_rebase_merge": true,
            "allow_squash_merge": true,
            "archive_on_destroy": null,
            "archived": false,
            "auto_init": true,
            "default_branch": "main",
            "delete_branch_on_merge": false,
            "description": "this repo is created by terraform-test.",
            "etag": "W/\"ffb27d5fca7217dc437a6038fcdd90e59e34e8e9fc1c27050d8e1c60efcea646\"",
            "full_name": "1DevOps2/created-by-terraform",
            "git_clone_url": "git://github.com/1DevOps2/created-by-terraform.git",
            "gitignore_template": null,
            "has_downloads": false,
            "has_issues": false,
            "has_projects": false,
            "has_wiki": false,
            "homepage_url": "",
            "html_url": "https://github.com/1DevOps2/created-by-terraform",
            "http_clone_url": "https://github.com/1DevOps2/created-by-terraform.git",
            "id": "created-by-terraform",
            "ignore_vulnerability_alerts_during_read": null,
            "is_template": false,
            "license_template": null,
            "merge_commit_message": "PR_TITLE",
            "merge_commit_title": "MERGE_MESSAGE",
            "name": "created-by-terraform",
            "node_id": "R_kgDOIIHD0Q",
            "pages": [],
            "private": false,
            "repo_id": 545375185,
            "squash_merge_commit_message": "COMMIT_MESSAGES",
            "squash_merge_commit_title": "COMMIT_OR_PR_TITLE",
            "ssh_clone_url": "git@github.com:1DevOps2/created-by-terraform.git",
            "svn_url": "https://github.com/1DevOps2/created-by-terraform",
            "template": [],
            "topics": null,
            "visibility": "public",
            "vulnerability_alerts": false
          },
          "sensitive_attributes": [],
          "private": "bnVsbA=="
        }
      ]
    }
  ],
  "check_results": []
}
